Microsoft Visual Studio Solution File, Format Version 12.00
# Visual Studio Version 17
VisualStudioVersion = 17.5.2.0
MinimumVisualStudioVersion = 10.0.40219.1
Project("{FAE04EC0-301F-11D3-BF4B-00C04F79EFBC}") = "VaultPay.API", "VaultPay.API\VaultPay.API.csproj", "{60DFC5D3-04A4-0D1A-F3EC-DFBD0BAAEA36}"
EndProject
Global
	GlobalSection(SolutionConfigurationPlatforms) = preSolution
		Debug|Any CPU = Debug|Any CPU
		Release|Any CPU = Release|Any CPU
	EndGlobalSection
	GlobalSection(ProjectConfigurationPlatforms) = postSolution
		{60DFC5D3-04A4-0D1A-F3EC-DFBD0BAAEA36}.Debug|Any CPU.ActiveCfg = Debug|Any CPU
		{60DFC5D3-04A4-0D1A-F3EC-DFBD0BAAEA36}.Debug|Any CPU.Build.0 = Debug|Any CPU
		{60DFC5D3-04A4-0D1A-F3EC-DFBD0BAAEA36}.Release|Any CPU.ActiveCfg = Release|Any CPU
		{60DFC5D3-04A4-0D1A-F3EC-DFBD0BAAEA36}.Release|Any CPU.Build.0 = Release|Any CPU
	EndGlobalSection
	GlobalSection(SolutionProperties) = preSolution
		HideSolutionNode = FALSE
	EndGlobalSection
	GlobalSection(ExtensibilityGlobals) = postSolution
		SolutionGuid = {356637A3-BD4C-46AB-9611-89B0B92E2CB4}
	EndGlobalSection
EndGlobal
